// !$*UTF8*$!
{
	archiveVersion = 1;
	classes = {
	};
	objectVersion = 46;
	objects = {

/* Begin PBXBuildFile section */
		7407FA6F1744ADD700997452 /* m_server.cpp in Sources */ = {isa = PBXBuildFile; fileRef = 7407FA6D1744ADD700997452 /* m_server.cpp */; };
		7407FA7F1744B49700997452 /* ConsoleLog.cpp in Sources */ = {isa = PBXBuildFile; fileRef = 7407FA721744B49700997452 /* ConsoleLog.cpp */; };
		7407FA801744B49700997452 /* FileLogger.cpp in Sources */ = {isa = PBXBuildFile; fileRef = 7407FA741744B49700997452 /* FileLogger.cpp */; };
		7407FA811744B49700997452 /* Filesystem.cpp in Sources */ = {isa = PBXBuildFile; fileRef = 7407FA761744B49700997452 /* Filesystem.cpp */; };
		7407FA821744B49700997452 /* IntToUTF8String.cpp in Sources */ = {isa = PBXBuildFile; fileRef = 7407FA781744B49700997452 /* IntToUTF8String.cpp */; };
		7407FA831744B49700997452 /* Random.cpp in Sources */ = {isa = PBXBuildFile; fileRef = 7407FA7A1744B49700997452 /* Random.cpp */; };
		7407FA881744B59000997452 /* ServerInit.cpp in Sources */ = {isa = PBXBuildFile; fileRef = 7407FA861744B59000997452 /* ServerInit.cpp */; };
		7407FA8F1744B5FE00997452 /* ServerConfig.cpp in Sources */ = {isa = PBXBuildFile; fileRef = 7407FA8B1744B5FE00997452 /* ServerConfig.cpp */; };
		7407FA9C1744B6EF00997452 /* Packets.cpp in Sources */ = {isa = PBXBuildFile; fileRef = 7407FA911744B6EE00997452 /* Packets.cpp */; };
		7407FA9D1744B6EF00997452 /* TCP_Handler.cpp in Sources */ = {isa = PBXBuildFile; fileRef = 7407FA931744B6EE00997452 /* TCP_Handler.cpp */; };
		7407FA9E1744B6EF00997452 /* TCP_Participant.cpp in Sources */ = {isa = PBXBuildFile; fileRef = 7407FA961744B6EE00997452 /* TCP_Participant.cpp */; };
		7407FA9F1744B6EF00997452 /* TCP_Pool.cpp in Sources */ = {isa = PBXBuildFile; fileRef = 7407FA981744B6EE00997452 /* TCP_Pool.cpp */; };
		7407FAA01744B6EF00997452 /* TCP_Session.cpp in Sources */ = {isa = PBXBuildFile; fileRef = 7407FA9A1744B6EF00997452 /* TCP_Session.cpp */; };
		7407FAB01744F00C00997452 /* banner.cpp in Sources */ = {isa = PBXBuildFile; fileRef = 7407FAAE1744F00C00997452 /* banner.cpp */; };
		740A41891738113500890613 /* server_main.cpp in Sources */ = {isa = PBXBuildFile; fileRef = 740A41881738113500890613 /* server_main.cpp */; };
		740A418B1738113500890613 /* M_Paradox.1 in CopyFiles */ = {isa = PBXBuildFile; fileRef = 740A418A1738113500890613 /* M_Paradox.1 */; };
		748135A017405A8B006D66E7 /* Cocoa.framework in Frameworks */ = {isa = PBXBuildFile; fileRef = 7481359F17405A8B006D66E7 /* Cocoa.framework */; };
		748135A217405A9B006D66E7 /* SDL.framework in Frameworks */ = {isa = PBXBuildFile; fileRef = 748135A117405A9B006D66E7 /* SDL.framework */; };
		748135AC17405E31006D66E7 /* SDL_image.framework in Frameworks */ = {isa = PBXBuildFile; fileRef = 748135A917405E31006D66E7 /* SDL_image.framework */; };
		748135AD17405E31006D66E7 /* SDL_mixer.framework in Frameworks */ = {isa = PBXBuildFile; fileRef = 748135AA17405E31006D66E7 /* SDL_mixer.framework */; };
		748135AE17405E31006D66E7 /* SDL_ttf.framework in Frameworks */ = {isa = PBXBuildFile; fileRef = 748135AB17405E31006D66E7 /* SDL_ttf.framework */; };
/* End PBXBuildFile section */

/* Begin PBXCopyFilesBuildPhase section */
		740A41831738113500890613 /* CopyFiles */ = {
			isa = PBXCopyFilesBuildPhase;
			buildActionMask = 2147483647;
			dstPath = /usr/share/man/man1/;
			dstSubfolderSpec = 0;
			files = (
				740A418B1738113500890613 /* M_Paradox.1 in CopyFiles */,
			);
			runOnlyForDeploymentPostprocessing = 1;
		};
		7481358E17405984006D66E7 /* CopyFiles */ = {
			isa = PBXCopyFilesBuildPhase;
			buildActionMask = 2147483647;
			dstPath = /usr/share/man/man1/;
			dstSubfolderSpec = 0;
			files = (
			);
			runOnlyForDeploymentPostprocessing = 1;
		};
		748135A717405C6E006D66E7 /* CopyFiles */ = {
			isa = PBXCopyFilesBuildPhase;
			buildActionMask = 2147483647;
			dstPath = Data/Images/Backgrounds;
			dstSubfolderSpec = 7;
			files = (
			);
			runOnlyForDeploymentPostprocessing = 0;
		};
/* End PBXCopyFilesBuildPhase section */

/* Begin PBXFileReference section */
		7407FA6D1744ADD700997452 /* m_server.cpp */ = {isa = PBXFileReference; fileEncoding = 4; lastKnownFileType = sourcecode.cpp.cpp; path = m_server.cpp; sourceTree = "<group>"; };
		7407FA6E1744ADD700997452 /* m_server.h */ = {isa = PBXFileReference; fileEncoding = 4; lastKnownFileType = sourcecode.c.h; path = m_server.h; sourceTree = "<group>"; };
		7407FA701744ADF800997452 /* m_packet.h */ = {isa = PBXFileReference; lastKnownFileType = sourcecode.c.h; path = m_packet.h; sourceTree = "<group>"; };
		7407FA721744B49700997452 /* ConsoleLog.cpp */ = {isa = PBXFileReference; fileEncoding = 4; lastKnownFileType = sourcecode.cpp.cpp; path = ConsoleLog.cpp; sourceTree = "<group>"; };
		7407FA731744B49700997452 /* ConsoleLog.h */ = {isa = PBXFileReference; fileEncoding = 4; lastKnownFileType = sourcecode.c.h; path = ConsoleLog.h; sourceTree = "<group>"; };
		7407FA741744B49700997452 /* FileLogger.cpp */ = {isa = PBXFileReference; fileEncoding = 4; lastKnownFileType = sourcecode.cpp.cpp; path = FileLogger.cpp; sourceTree = "<group>"; };
		7407FA751744B49700997452 /* FileLogger.h */ = {isa = PBXFileReference; fileEncoding = 4; lastKnownFileType = sourcecode.c.h; path = FileLogger.h; sourceTree = "<group>"; };
		7407FA761744B49700997452 /* Filesystem.cpp */ = {isa = PBXFileReference; fileEncoding = 4; lastKnownFileType = sourcecode.cpp.cpp; path = Filesystem.cpp; sourceTree = "<group>"; };
		7407FA771744B49700997452 /* Filesystem.h */ = {isa = PBXFileReference; fileEncoding = 4; lastKnownFileType = sourcecode.c.h; path = Filesystem.h; sourceTree = "<group>"; };
		7407FA781744B49700997452 /* IntToUTF8String.cpp */ = {isa = PBXFileReference; fileEncoding = 4; lastKnownFileType = sourcecode.cpp.cpp; path = IntToUTF8String.cpp; sourceTree = "<group>"; };
		7407FA791744B49700997452 /* IntToUTF8String.h */ = {isa = PBXFileReference; fileEncoding = 4; lastKnownFileType = sourcecode.c.h; path = IntToUTF8String.h; sourceTree = "<group>"; };
		7407FA7A1744B49700997452 /* Random.cpp */ = {isa = PBXFileReference; fileEncoding = 4; lastKnownFileType = sourcecode.cpp.cpp; path = Random.cpp; sourceTree = "<group>"; };
		7407FA7B1744B49700997452 /* Random.h */ = {isa = PBXFileReference; fileEncoding = 4; lastKnownFileType = sourcecode.c.h; path = Random.h; sourceTree = "<group>"; };
		7407FA7E1744B49700997452 /* UnicodeCodepoints.h */ = {isa = PBXFileReference; fileEncoding = 4; lastKnownFileType = sourcecode.c.h; path = UnicodeCodepoints.h; sourceTree = "<group>"; };
		7407FA861744B59000997452 /* ServerInit.cpp */ = {isa = PBXFileReference; fileEncoding = 4; lastKnownFileType = sourcecode.cpp.cpp; path = ServerInit.cpp; sourceTree = "<group>"; };
		7407FA871744B59000997452 /* ServerInit.h */ = {isa = PBXFileReference; fileEncoding = 4; lastKnownFileType = sourcecode.c.h; path = ServerInit.h; sourceTree = "<group>"; };
		7407FA8A1744B5FE00997452 /* Readme */ = {isa = PBXFileReference; fileEncoding = 4; lastKnownFileType = text; path = Readme; sourceTree = "<group>"; };
		7407FA8B1744B5FE00997452 /* ServerConfig.cpp */ = {isa = PBXFileReference; fileEncoding = 4; lastKnownFileType = sourcecode.cpp.cpp; path = ServerConfig.cpp; sourceTree = "<group>"; };
		7407FA8C1744B5FE00997452 /* ServerConfig.h */ = {isa = PBXFileReference; fileEncoding = 4; lastKnownFileType = sourcecode.c.h; path = ServerConfig.h; sourceTree = "<group>"; };
		7407FA911744B6EE00997452 /* Packets.cpp */ = {isa = PBXFileReference; fileEncoding = 4; lastKnownFileType = sourcecode.cpp.cpp; path = Packets.cpp; sourceTree = "<group>"; };
		7407FA921744B6EE00997452 /* Packets.h */ = {isa = PBXFileReference; fileEncoding = 4; lastKnownFileType = sourcecode.c.h; path = Packets.h; sourceTree = "<group>"; };
		7407FA931744B6EE00997452 /* TCP_Handler.cpp */ = {isa = PBXFileReference; fileEncoding = 4; lastKnownFileType = sourcecode.cpp.cpp; path = TCP_Handler.cpp; sourceTree = "<group>"; };
		7407FA941744B6EE00997452 /* TCP_Handler.h */ = {isa = PBXFileReference; fileEncoding = 4; lastKnownFileType = sourcecode.c.h; path = TCP_Handler.h; sourceTree = "<group>"; };
		7407FA951744B6EE00997452 /* TCP_Netlib.h */ = {isa = PBXFileReference; fileEncoding = 4; lastKnownFileType = sourcecode.c.h; path = TCP_Netlib.h; sourceTree = "<group>"; };
		7407FA961744B6EE00997452 /* TCP_Participant.cpp */ = {isa = PBXFileReference; fileEncoding = 4; lastKnownFileType = sourcecode.cpp.cpp; path = TCP_Participant.cpp; sourceTree = "<group>"; };
		7407FA971744B6EE00997452 /* TCP_Participant.h */ = {isa = PBXFileReference; fileEncoding = 4; lastKnownFileType = sourcecode.c.h; path = TCP_Participant.h; sourceTree = "<group>"; };
		7407FA981744B6EE00997452 /* TCP_Pool.cpp */ = {isa = PBXFileReference; fileEncoding = 4; lastKnownFileType = sourcecode.cpp.cpp; path = TCP_Pool.cpp; sourceTree = "<group>"; };
		7407FA991744B6EF00997452 /* TCP_Pool.h */ = {isa = PBXFileReference; fileEncoding = 4; lastKnownFileType = sourcecode.c.h; path = TCP_Pool.h; sourceTree = "<group>"; };
		7407FA9A1744B6EF00997452 /* TCP_Session.cpp */ = {isa = PBXFileReference; fileEncoding = 4; lastKnownFileType = sourcecode.cpp.cpp; path = TCP_Session.cpp; sourceTree = "<group>"; };
		7407FA9B1744B6EF00997452 /* TCP_Session.h */ = {isa = PBXFileReference; fileEncoding = 4; lastKnownFileType = sourcecode.c.h; path = TCP_Session.h; sourceTree = "<group>"; };
		7407FAA21744B71A00997452 /* Boost_Serialization.h */ = {isa = PBXFileReference; fileEncoding = 4; lastKnownFileType = sourcecode.c.h; path = Boost_Serialization.h; sourceTree = "<group>"; };
		7407FAA31744B71A00997452 /* README */ = {isa = PBXFileReference; fileEncoding = 4; lastKnownFileType = text; path = README; sourceTree = "<group>"; };
		7407FAA51744B87200997452 /* server.conf */ = {isa = PBXFileReference; lastKnownFileType = text; path = server.conf; sourceTree = "<group>"; };
		7407FAA71744B89F00997452 /* Readme */ = {isa = PBXFileReference; fileEncoding = 4; lastKnownFileType = text; path = Readme; sourceTree = "<group>"; };
		7407FAA81744B8C900997452 /* Readme */ = {isa = PBXFileReference; fileEncoding = 4; lastKnownFileType = text; path = Readme; sourceTree = "<group>"; };
		7407FAA91744BB9500997452 /* server.conf */ = {isa = PBXFileReference; lastKnownFileType = text; path = server.conf; sourceTree = "<group>"; };
		7407FAAE1744F00C00997452 /* banner.cpp */ = {isa = PBXFileReference; fileEncoding = 4; lastKnownFileType = sourcecode.cpp.cpp; path = banner.cpp; sourceTree = "<group>"; };
		7407FAAF1744F00C00997452 /* banner.h */ = {isa = PBXFileReference; fileEncoding = 4; lastKnownFileType = sourcecode.c.h; path = banner.h; sourceTree = "<group>"; };
		7407FAB11744F05A00997452 /* DefaultMessages.h */ = {isa = PBXFileReference; lastKnownFileType = sourcecode.c.h; path = DefaultMessages.h; sourceTree = "<group>"; };
		740A41851738113500890613 /* M-Paradox */ = {isa = PBXFileReference; explicitFileType = "compiled.mach-o.executable"; includeInIndex = 0; path = "M-Paradox"; sourceTree = BUILT_PRODUCTS_DIR; };
		740A41881738113500890613 /* server_main.cpp */ = {isa = PBXFileReference; lastKnownFileType = sourcecode.cpp.cpp; path = server_main.cpp; sourceTree = "<group>"; };
		740A418A1738113500890613 /* M_Paradox.1 */ = {isa = PBXFileReference; lastKnownFileType = text.man; path = M_Paradox.1; sourceTree = "<group>"; };
		740A41911738121700890613 /* README.md */ = {isa = PBXFileReference; lastKnownFileType = text; path = README.md; sourceTree = "<group>"; };
		740A4198173888AC00890613 /* Readme */ = {isa = PBXFileReference; fileEncoding = 4; lastKnownFileType = text; path = Readme; sourceTree = "<group>"; };
		740A4199173888B200890613 /* Readme */ = {isa = PBXFileReference; fileEncoding = 4; lastKnownFileType = text; path = Readme; sourceTree = "<group>"; };
		744F3831174A522C00FBA648 /* IAC.h */ = {isa = PBXFileReference; fileEncoding = 4; lastKnownFileType = sourcecode.c.h; path = IAC.h; sourceTree = "<group>"; };
		744F3832174A538100FBA648 /* ANSI_Escape.h */ = {isa = PBXFileReference; fileEncoding = 4; lastKnownFileType = sourcecode.c.h; path = ANSI_Escape.h; sourceTree = "<group>"; };
		744F3835174A5C9800FBA648 /* DefaultTelnetOptionHandlers.hpp */ = {isa = PBXFileReference; fileEncoding = 4; lastKnownFileType = sourcecode.cpp.h; path = DefaultTelnetOptionHandlers.hpp; sourceTree = "<group>"; };
		744F3836174A5C9800FBA648 /* TelnetClient.hpp */ = {isa = PBXFileReference; fileEncoding = 4; lastKnownFileType = sourcecode.cpp.h; path = TelnetClient.hpp; sourceTree = "<group>"; };
		744F3837174A5C9800FBA648 /* TelnetDefines.hpp */ = {isa = PBXFileReference; fileEncoding = 4; lastKnownFileType = sourcecode.cpp.h; path = TelnetDefines.hpp; sourceTree = "<group>"; };
		744F3838174A5C9800FBA648 /* TelnetOptionHandler.h */ = {isa = PBXFileReference; fileEncoding = 4; lastKnownFileType = sourcecode.c.h; path = TelnetOptionHandler.h; sourceTree = "<group>"; };
		744F3839174A616600FBA648 /* NOTES */ = {isa = PBXFileReference; fileEncoding = 4; lastKnownFileType = text; path = NOTES; sourceTree = "<group>"; };
		748135851740533E006D66E7 /* Readme */ = {isa = PBXFileReference; lastKnownFileType = text; path = Readme; sourceTree = "<group>"; };
		7481359017405984006D66E7 /* M-Paradox-Client */ = {isa = PBXFileReference; explicitFileType = "compiled.mach-o.executable"; includeInIndex = 0; path = "M-Paradox-Client"; sourceTree = BUILT_PRODUCTS_DIR; };
		7481359F17405A8B006D66E7 /* Cocoa.framework */ = {isa = PBXFileReference; lastKnownFileType = wrapper.framework; name = Cocoa.framework; path = System/Library/Frameworks/Cocoa.framework; sourceTree = SDKROOT; };
		748135A117405A9B006D66E7 /* SDL.framework */ = {isa = PBXFileReference; lastKnownFileType = wrapper.framework; name = SDL.framework; path = /Library/Frameworks/SDL.framework; sourceTree = "<absolute>"; };
		748135A917405E31006D66E7 /* SDL_image.framework */ = {isa = PBXFileReference; lastKnownFileType = wrapper.framework; name = SDL_image.framework; path = /Library/Frameworks/SDL_image.framework; sourceTree = "<absolute>"; };
		748135AA17405E31006D66E7 /* SDL_mixer.framework */ = {isa = PBXFileReference; lastKnownFileType = wrapper.framework; name = SDL_mixer.framework; path = /Library/Frameworks/SDL_mixer.framework; sourceTree = "<absolute>"; };
		748135AB17405E31006D66E7 /* SDL_ttf.framework */ = {isa = PBXFileReference; lastKnownFileType = wrapper.framework; name = SDL_ttf.framework; path = /Library/Frameworks/SDL_ttf.framework; sourceTree = "<absolute>"; };
/* End PBXFileReference section */

/* Begin PBXFrameworksBuildPhase section */
		740A41821738113500890613 /* Frameworks */ = {
			isa = PBXFrameworksBuildPhase;
			buildActionMask = 2147483647;
			files = (
			);
			runOnlyForDeploymentPostprocessing = 0;
		};
		7481358D17405984006D66E7 /* Frameworks */ = {
			isa = PBXFrameworksBuildPhase;
			buildActionMask = 2147483647;
			files = (
				748135AC17405E31006D66E7 /* SDL_image.framework in Frameworks */,
				748135AD17405E31006D66E7 /* SDL_mixer.framework in Frameworks */,
				748135AE17405E31006D66E7 /* SDL_ttf.framework in Frameworks */,
				748135A217405A9B006D66E7 /* SDL.framework in Frameworks */,
				748135A017405A8B006D66E7 /* Cocoa.framework in Frameworks */,
			);
			runOnlyForDeploymentPostprocessing = 0;
		};
/* End PBXFrameworksBuildPhase section */

/* Begin PBXGroup section */
		7407FA711744B49700997452 /* utils */ = {
			isa = PBXGroup;
			children = (
				7407FA721744B49700997452 /* ConsoleLog.cpp */,
				7407FA731744B49700997452 /* ConsoleLog.h */,
				7407FA741744B49700997452 /* FileLogger.cpp */,
				7407FA751744B49700997452 /* FileLogger.h */,
				7407FA761744B49700997452 /* Filesystem.cpp */,
				7407FA771744B49700997452 /* Filesystem.h */,
				7407FA781744B49700997452 /* IntToUTF8String.cpp */,
				7407FA791744B49700997452 /* IntToUTF8String.h */,
				7407FA7A1744B49700997452 /* Random.cpp */,
				7407FA7B1744B49700997452 /* Random.h */,
				7407FA7E1744B49700997452 /* UnicodeCodepoints.h */,
			);
			path = utils;
			sourceTree = "<group>";
		};
		7407FA851744B58800997452 /* Server */ = {
			isa = PBXGroup;
			children = (
				7407FA861744B59000997452 /* ServerInit.cpp */,
				7407FA871744B59000997452 /* ServerInit.h */,
			);
			path = Server;
			sourceTree = "<group>";
		};
		7407FA891744B5FE00997452 /* parsers */ = {
			isa = PBXGroup;
			children = (
				7407FA8A1744B5FE00997452 /* Readme */,
				7407FA8B1744B5FE00997452 /* ServerConfig.cpp */,
				7407FA8C1744B5FE00997452 /* ServerConfig.h */,
			);
			path = parsers;
			sourceTree = "<group>";
		};
		7407FAA11744B70B00997452 /* Serialization */ = {
			isa = PBXGroup;
			children = (
				7407FAA21744B71A00997452 /* Boost_Serialization.h */,
				7407FAA31744B71A00997452 /* README */,
			);
			path = Serialization;
			sourceTree = "<group>";
		};
		7407FAA41744B86700997452 /* Config */ = {
			isa = PBXGroup;
			children = (
				7407FAA51744B87200997452 /* server.conf */,
				7407FAA81744B8C900997452 /* Readme */,
			);
			path = Config;
			sourceTree = "<group>";
		};
		7407FAA61744B89500997452 /* build */ = {
			isa = PBXGroup;
			children = (
				7407FAA91744BB9500997452 /* server.conf */,
				7407FAA71744B89F00997452 /* Readme */,
			);
			path = build;
			sourceTree = "<group>";
		};
		7407FAAD1744EFF500997452 /* Messages */ = {
			isa = PBXGroup;
			children = (
				744F3835174A5C9800FBA648 /* DefaultTelnetOptionHandlers.hpp */,
				744F3836174A5C9800FBA648 /* TelnetClient.hpp */,
				744F3837174A5C9800FBA648 /* TelnetDefines.hpp */,
				744F3838174A5C9800FBA648 /* TelnetOptionHandler.h */,
				7407FAAE1744F00C00997452 /* banner.cpp */,
				7407FAAF1744F00C00997452 /* banner.h */,
				7407FAB11744F05A00997452 /* DefaultMessages.h */,
				744F3831174A522C00FBA648 /* IAC.h */,
				744F3832174A538100FBA648 /* ANSI_Escape.h */,
				744F3839174A616600FBA648 /* NOTES */,
			);
			path = Messages;
			sourceTree = "<group>";
		};
		740A417C1738113500890613 = {
			isa = PBXGroup;
			children = (
				7407FAA61744B89500997452 /* build */,
				7412FAC61741507800E52B6C /* Frameworks */,
				740A41871738113500890613 /* M-Paradox-Server */,
				740A41861738113500890613 /* Products */,
				740A41911738121700890613 /* README.md */,
				7407FAA41744B86700997452 /* Config */,
			);
			sourceTree = "<group>";
		};
		740A41861738113500890613 /* Products */ = {
			isa = PBXGroup;
			children = (
				740A41851738113500890613 /* M-Paradox */,
				7481359017405984006D66E7 /* M-Paradox-Client */,
			);
			name = Products;
			sourceTree = "<group>";
		};
		740A41871738113500890613 /* M-Paradox-Server */ = {
			isa = PBXGroup;
			children = (
				7407FAAD1744EFF500997452 /* Messages */,
				7407FAA11744B70B00997452 /* Serialization */,
				7407FA891744B5FE00997452 /* parsers */,
				7407FA851744B58800997452 /* Server */,
				7407FA711744B49700997452 /* utils */,
				748135841740533E006D66E7 /* Accounting */,
				740A41931738128100890613 /* File IO */,
				740A41941738128100890613 /* Network */,
				740A41881738113500890613 /* server_main.cpp */,
				740A418A1738113500890613 /* M_Paradox.1 */,
			);
			name = "M-Paradox-Server";
			path = "M-Paradox";
			sourceTree = "<group>";
		};
		740A41931738128100890613 /* File IO */ = {
			isa = PBXGroup;
			children = (
				740A4198173888AC00890613 /* Readme */,
			);
			path = "File IO";
			sourceTree = "<group>";
		};
		740A41941738128100890613 /* Network */ = {
			isa = PBXGroup;
			children = (
				740A4199173888B200890613 /* Readme */,
				7407FA911744B6EE00997452 /* Packets.cpp */,
				7407FA921744B6EE00997452 /* Packets.h */,
				7407FA931744B6EE00997452 /* TCP_Handler.cpp */,
				7407FA941744B6EE00997452 /* TCP_Handler.h */,
				7407FA951744B6EE00997452 /* TCP_Netlib.h */,
				7407FA961744B6EE00997452 /* TCP_Participant.cpp */,
				7407FA971744B6EE00997452 /* TCP_Participant.h */,
				7407FA981744B6EE00997452 /* TCP_Pool.cpp */,
				7407FA991744B6EF00997452 /* TCP_Pool.h */,
				7407FA9A1744B6EF00997452 /* TCP_Session.cpp */,
				7407FA9B1744B6EF00997452 /* TCP_Session.h */,
				7407FA6D1744ADD700997452 /* m_server.cpp */,
				7407FA6E1744ADD700997452 /* m_server.h */,
				7407FA701744ADF800997452 /* m_packet.h */,
			);
			path = Network;
			sourceTree = "<group>";
		};
		7412FAC61741507800E52B6C /* Frameworks */ = {
			isa = PBXGroup;
			children = (
				748135A917405E31006D66E7 /* SDL_image.framework */,
				748135AA17405E31006D66E7 /* SDL_mixer.framework */,
				748135AB17405E31006D66E7 /* SDL_ttf.framework */,
				748135A117405A9B006D66E7 /* SDL.framework */,
				7481359F17405A8B006D66E7 /* Cocoa.framework */,
			);
			name = Frameworks;
			sourceTree = "<group>";
		};
		748135841740533E006D66E7 /* Accounting */ = {
			isa = PBXGroup;
			children = (
				748135851740533E006D66E7 /* Readme */,
			);
			path = Accounting;
			sourceTree = "<group>";
		};
/* End PBXGroup section */

/* Begin PBXNativeTarget section */
		740A41841738113500890613 /* M-Paradox */ = {
			isa = PBXNativeTarget;
			buildConfigurationList = 740A418E1738113500890613 /* Build configuration list for PBXNativeTarget "M-Paradox" */;
			buildPhases = (
				740A41811738113500890613 /* Sources */,
				740A41821738113500890613 /* Frameworks */,
				740A41831738113500890613 /* CopyFiles */,
			);
			buildRules = (
			);
			dependencies = (
			);
			name = "M-Paradox";
			productName = "M-Paradox";
			productReference = 740A41851738113500890613 /* M-Paradox */;
			productType = "com.apple.product-type.tool";
		};
		7481358F17405984006D66E7 /* M-Paradox-Client */ = {
			isa = PBXNativeTarget;
			buildConfigurationList = 7481359617405984006D66E7 /* Build configuration list for PBXNativeTarget "M-Paradox-Client" */;
			buildPhases = (
				7481358C17405984006D66E7 /* Sources */,
				7481358D17405984006D66E7 /* Frameworks */,
				7481358E17405984006D66E7 /* CopyFiles */,
				748135A717405C6E006D66E7 /* CopyFiles */,
			);
			buildRules = (
			);
			dependencies = (
			);
			name = "M-Paradox-Client";
			productName = "M-Paradox-Client";
			productReference = 7481359017405984006D66E7 /* M-Paradox-Client */;
			productType = "com.apple.product-type.tool";
		};
/* End PBXNativeTarget section */

/* Begin PBXProject section */
		740A417D1738113500890613 /* Project object */ = {
			isa = PBXProject;
			attributes = {
				LastUpgradeCheck = 0460;
				ORGANIZATIONNAME = TAP;
			};
			buildConfigurationList = 740A41801738113500890613 /* Build configuration list for PBXProject "M-Paradox" */;
			compatibilityVersion = "Xcode 3.2";
			developmentRegion = English;
			hasScannedForEncodings = 0;
			knownRegions = (
				en,
			);
			mainGroup = 740A417C1738113500890613;
			productRefGroup = 740A41861738113500890613 /* Products */;
			projectDirPath = "";
			projectRoot = "";
			targets = (
				740A41841738113500890613 /* M-Paradox */,
				7481358F17405984006D66E7 /* M-Paradox-Client */,
			);
		};
/* End PBXProject section */

/* Begin PBXSourcesBuildPhase section */
		740A41811738113500890613 /* Sources */ = {
			isa = PBXSourcesBuildPhase;
			buildActionMask = 2147483647;
			files = (
				740A41891738113500890613 /* server_main.cpp in Sources */,
				7407FA6F1744ADD700997452 /* m_server.cpp in Sources */,
				7407FA7F1744B49700997452 /* ConsoleLog.cpp in Sources */,
				7407FA801744B49700997452 /* FileLogger.cpp in Sources */,
				7407FA811744B49700997452 /* Filesystem.cpp in Sources */,
				7407FA821744B49700997452 /* IntToUTF8String.cpp in Sources */,
				7407FA831744B49700997452 /* Random.cpp in Sources */,
				7407FA881744B59000997452 /* ServerInit.cpp in Sources */,
				7407FA8F1744B5FE00997452 /* ServerConfig.cpp in Sources */,
				7407FA9C1744B6EF00997452 /* Packets.cpp in Sources */,
				7407FA9D1744B6EF00997452 /* TCP_Handler.cpp in Sources */,
				7407FA9E1744B6EF00997452 /* TCP_Participant.cpp in Sources */,
				7407FA9F1744B6EF00997452 /* TCP_Pool.cpp in Sources */,
				7407FAA01744B6EF00997452 /* TCP_Session.cpp in Sources */,
				7407FAB01744F00C00997452 /* banner.cpp in Sources */,
			);
			runOnlyForDeploymentPostprocessing = 0;
		};
		7481358C17405984006D66E7 /* Sources */ = {
			isa = PBXSourcesBuildPhase;
			buildActionMask = 2147483647;
			files = (
			);
			runOnlyForDeploymentPostprocessing = 0;
		};
/* End PBXSourcesBuildPhase section */

/* Begin XCBuildConfiguration section */
		740A418C1738113500890613 /* Debug */ = {
			isa = XCBuildConfiguration;
			buildSettings = {
				ALWAYS_SEARCH_USER_PATHS = NO;
				ARCHS = "$(ARCHS_STANDARD_64_BIT)";
				CLANG_CXX_LANGUAGE_STANDARD = "c++0x";
				CLANG_CXX_LIBRARY = "libc++";
				CLANG_WARN_CONSTANT_CONVERSION = YES;
				CLANG_WARN_EMPTY_BODY = YES;
				CLANG_WARN_ENUM_CONVERSION = YES;
				CLANG_WARN_INT_CONVERSION = YES;
				CLANG_WARN__DUPLICATE_METHOD_MATCH = YES;
				COPY_PHASE_STRIP = NO;
				GCC_C_LANGUAGE_STANDARD = gnu99;
				GCC_DYNAMIC_NO_PIC = NO;
				GCC_ENABLE_OBJC_EXCEPTIONS = YES;
				GCC_OPTIMIZATION_LEVEL = 0;
				GCC_PREPROCESSOR_DEFINITIONS = (
					"DEBUG=1",
					"$(inherited)",
				);
				GCC_SYMBOLS_PRIVATE_EXTERN = NO;
				GCC_WARN_64_TO_32_BIT_CONVERSION = YES;
				GCC_WARN_ABOUT_RETURN_TYPE = YES;
				GCC_WARN_UNINITIALIZED_AUTOS = YES;
				GCC_WARN_UNUSED_VARIABLE = YES;
				HEADER_SEARCH_PATHS = (
					"\"/usr/local/include/\"",
					"\"/usr/local/mysql/include/\"",
				);
				LIBRARY_SEARCH_PATHS = "\"/usr/local/lib/\"";
				MACOSX_DEPLOYMENT_TARGET = 10.8;
				ONLY_ACTIVE_ARCH = YES;
				OTHER_CPLUSPLUSFLAGS = (
					"$(OTHER_CFLAGS)",
					"-isystem/usr/local/include/",
				);
				OTHER_LDFLAGS = (
					"-lboost_system",
					"-lboost_filesystem",
					"-lboost_program_options",
					"-lboost_serialization",
					"-lboost_random",
				);
				SDKROOT = macosx;
			};
			name = Debug;
		};
		740A418D1738113500890613 /* Release */ = {
			isa = XCBuildConfiguration;
			buildSettings = {
				ALWAYS_SEARCH_USER_PATHS = NO;
				ARCHS = "$(ARCHS_STANDARD_64_BIT)";
				CLANG_CXX_LANGUAGE_STANDARD = "c++0x";
				CLANG_CXX_LIBRARY = "libc++";
				CLANG_WARN_CONSTANT_CONVERSION = YES;
				CLANG_WARN_EMPTY_BODY = YES;
				CLANG_WARN_ENUM_CONVERSION = YES;
				CLANG_WARN_INT_CONVERSION = YES;
				CLANG_WARN__DUPLICATE_METHOD_MATCH = YES;
				COPY_PHASE_STRIP = YES;
				DEBUG_INFORMATION_FORMAT = "dwarf-with-dsym";
				GCC_C_LANGUAGE_STANDARD = gnu99;
				GCC_ENABLE_OBJC_EXCEPTIONS = YES;
				GCC_WARN_64_TO_32_BIT_CONVERSION = YES;
				GCC_WARN_ABOUT_RETURN_TYPE = YES;
				GCC_WARN_UNINITIALIZED_AUTOS = YES;
				GCC_WARN_UNUSED_VARIABLE = YES;
				HEADER_SEARCH_PATHS = (
					"\"/usr/local/include/\"",
					"\"/usr/local/mysql/include/\"",
				);
				LIBRARY_SEARCH_PATHS = "\"/usr/local/lib/\"";
				MACOSX_DEPLOYMENT_TARGET = 10.8;
				OTHER_CPLUSPLUSFLAGS = (
					"$(OTHER_CFLAGS)",
					"-isystem/usr/local/include/",
				);
				OTHER_LDFLAGS = (
					"-lboost_system",
					"-lboost_filesystem",
					"-lboost_program_options",
					"-lboost_serialization",
					"-lboost_random",
				);
				SDKROOT = macosx;
			};
			name = Release;
		};
		740A418F1738113500890613 /* Debug */ = {
			isa = XCBuildConfiguration;
			buildSettings = {
				PRODUCT_NAME = "$(TARGET_NAME)";
			};
			name = Debug;
		};
		740A41901738113500890613 /* Release */ = {
			isa = XCBuildConfiguration;
			buildSettings = {
				PRODUCT_NAME = "$(TARGET_NAME)";
			};
			name = Release;
		};
		7481359717405984006D66E7 /* Debug */ = {
			isa = XCBuildConfiguration;
			buildSettings = {
				CLANG_CXX_LANGUAGE_STANDARD = "gnu++0x";
				FRAMEWORK_SEARCH_PATHS = /Library/Frameworks;
				PRODUCT_NAME = "$(TARGET_NAME)";
			};
			name = Debug;
		};
		7481359817405984006D66E7 /* Release */ = {
			isa = XCBuildConfiguration;
			buildSettings = {
				CLANG_CXX_LANGUAGE_STANDARD = "gnu++0x";
				FRAMEWORK_SEARCH_PATHS = /Library/Frameworks;
				PRODUCT_NAME = "$(TARGET_NAME)";
			};
			name = Release;
		};
/* End XCBuildConfiguration section */

/* Begin XCConfigurationList section */
		740A41801738113500890613 /* Build configuration list for PBXProject "M-Paradox" */ = {
			isa = XCConfigurationList;
			buildConfigurations = (
				740A418C1738113500890613 /* Debug */,
				740A418D1738113500890613 /* Release */,
			);
			defaultConfigurationIsVisible = 0;
			defaultConfigurationName = Release;
		};
		740A418E1738113500890613 /* Build configuration list for PBXNativeTarget "M-Paradox" */ = {
			isa = XCConfigurationList;
			buildConfigurations = (
				740A418F1738113500890613 /* Debug */,
				740A41901738113500890613 /* Release */,
			);
			defaultConfigurationIsVisible = 0;
			defaultConfigurationName = Release;
		};
		7481359617405984006D66E7 /* Build configuration list for PBXNativeTarget "M-Paradox-Client" */ = {
			isa = XCConfigurationList;
			buildConfigurations = (
				7481359717405984006D66E7 /* Debug */,
				7481359817405984006D66E7 /* Release */,
			);
			defaultConfigurationIsVisible = 0;
			defaultConfigurationName = Release;
		};
/* End XCConfigurationList section */
	};
	rootObject = 740A417D1738113500890613 /* Project object */;
}
