// !$*UTF8*$!
{
	archiveVersion = 1;
	classes = {
	};
	objectVersion = 46;
	objects = {

/* Begin PBXBuildFile section */
		740A41891738113500890613 /* server_main.cpp in Sources */ = {isa = PBXBuildFile; fileRef = 740A41881738113500890613 /* server_main.cpp */; };
		740A418B1738113500890613 /* M_Paradox.1 in CopyFiles */ = {isa = PBXBuildFile; fileRef = 740A418A1738113500890613 /* M_Paradox.1 */; };
		7481358917405500006D66E7 /* chat_server.hpp in Sources */ = {isa = PBXBuildFile; fileRef = 7481358717405500006D66E7 /* chat_server.hpp */; };
		7481359317405984006D66E7 /* client_main.cpp in Sources */ = {isa = PBXBuildFile; fileRef = 7481359217405984006D66E7 /* client_main.cpp */; };
		7481359517405984006D66E7 /* M_Paradox_Client.1 in CopyFiles */ = {isa = PBXBuildFile; fileRef = 7481359417405984006D66E7 /* M_Paradox_Client.1 */; };
		7481359D17405A47006D66E7 /* SDLMain.m in Sources */ = {isa = PBXBuildFile; fileRef = 7481359C17405A47006D66E7 /* SDLMain.m */; };
		748135A017405A8B006D66E7 /* Cocoa.framework in Frameworks */ = {isa = PBXBuildFile; fileRef = 7481359F17405A8B006D66E7 /* Cocoa.framework */; };
		748135A217405A9B006D66E7 /* SDL.framework in Frameworks */ = {isa = PBXBuildFile; fileRef = 748135A117405A9B006D66E7 /* SDL.framework */; };
		748135A817405C79006D66E7 /* loading.png in CopyFiles */ = {isa = PBXBuildFile; fileRef = 748135A617405C60006D66E7 /* loading.png */; };
		748135AC17405E31006D66E7 /* SDL_image.framework in Frameworks */ = {isa = PBXBuildFile; fileRef = 748135A917405E31006D66E7 /* SDL_image.framework */; };
		748135AD17405E31006D66E7 /* SDL_mixer.framework in Frameworks */ = {isa = PBXBuildFile; fileRef = 748135AA17405E31006D66E7 /* SDL_mixer.framework */; };
		748135AE17405E31006D66E7 /* SDL_ttf.framework in Frameworks */ = {isa = PBXBuildFile; fileRef = 748135AB17405E31006D66E7 /* SDL_ttf.framework */; };
		748135B41740658A006D66E7 /* Window.cpp in Sources */ = {isa = PBXBuildFile; fileRef = 748135B21740658A006D66E7 /* Window.cpp */; };
		748135B717406639006D66E7 /* Images.cpp in Sources */ = {isa = PBXBuildFile; fileRef = 748135B517406639006D66E7 /* Images.cpp */; };
		748135B91740680B006D66E7 /* Functions.cpp in Sources */ = {isa = PBXBuildFile; fileRef = 748135B81740680B006D66E7 /* Functions.cpp */; };
/* End PBXBuildFile section */

/* Begin PBXCopyFilesBuildPhase section */
		740A41831738113500890613 /* CopyFiles */ = {
			isa = PBXCopyFilesBuildPhase;
			buildActionMask = 2147483647;
			dstPath = /usr/share/man/man1/;
			dstSubfolderSpec = 0;
			files = (
				740A418B1738113500890613 /* M_Paradox.1 in CopyFiles */,
			);
			runOnlyForDeploymentPostprocessing = 1;
		};
		7481358E17405984006D66E7 /* CopyFiles */ = {
			isa = PBXCopyFilesBuildPhase;
			buildActionMask = 2147483647;
			dstPath = /usr/share/man/man1/;
			dstSubfolderSpec = 0;
			files = (
				7481359517405984006D66E7 /* M_Paradox_Client.1 in CopyFiles */,
			);
			runOnlyForDeploymentPostprocessing = 1;
		};
		748135A717405C6E006D66E7 /* CopyFiles */ = {
			isa = PBXCopyFilesBuildPhase;
			buildActionMask = 2147483647;
			dstPath = Data/Images/Backgrounds;
			dstSubfolderSpec = 7;
			files = (
				748135A817405C79006D66E7 /* loading.png in CopyFiles */,
			);
			runOnlyForDeploymentPostprocessing = 0;
		};
/* End PBXCopyFilesBuildPhase section */

/* Begin PBXFileReference section */
		740A41851738113500890613 /* M-Paradox */ = {isa = PBXFileReference; explicitFileType = "compiled.mach-o.executable"; includeInIndex = 0; path = "M-Paradox"; sourceTree = BUILT_PRODUCTS_DIR; };
		740A41881738113500890613 /* server_main.cpp */ = {isa = PBXFileReference; lastKnownFileType = sourcecode.cpp.cpp; path = server_main.cpp; sourceTree = "<group>"; };
		740A418A1738113500890613 /* M_Paradox.1 */ = {isa = PBXFileReference; lastKnownFileType = text.man; path = M_Paradox.1; sourceTree = "<group>"; };
		740A41911738121700890613 /* README.md */ = {isa = PBXFileReference; lastKnownFileType = text; path = README.md; sourceTree = "<group>"; };
		740A4198173888AC00890613 /* Readme */ = {isa = PBXFileReference; fileEncoding = 4; lastKnownFileType = text; path = Readme; sourceTree = "<group>"; };
		740A4199173888B200890613 /* Readme */ = {isa = PBXFileReference; fileEncoding = 4; lastKnownFileType = text; path = Readme; sourceTree = "<group>"; };
		748135851740533E006D66E7 /* Readme */ = {isa = PBXFileReference; lastKnownFileType = text; path = Readme; sourceTree = "<group>"; };
		74813586174054C7006D66E7 /* chat_message.hpp */ = {isa = PBXFileReference; lastKnownFileType = sourcecode.cpp.h; path = chat_message.hpp; sourceTree = "<group>"; };
		7481358717405500006D66E7 /* chat_server.hpp */ = {isa = PBXFileReference; fileEncoding = 4; lastKnownFileType = sourcecode.cpp.h; path = chat_server.hpp; sourceTree = "<group>"; };
		7481359017405984006D66E7 /* M-Paradox-Client */ = {isa = PBXFileReference; explicitFileType = "compiled.mach-o.executable"; includeInIndex = 0; path = "M-Paradox-Client"; sourceTree = BUILT_PRODUCTS_DIR; };
		7481359217405984006D66E7 /* client_main.cpp */ = {isa = PBXFileReference; lastKnownFileType = sourcecode.cpp.cpp; name = client_main.cpp; path = "M-Paradox-Client/client_main.cpp"; sourceTree = SOURCE_ROOT; };
		7481359417405984006D66E7 /* M_Paradox_Client.1 */ = {isa = PBXFileReference; lastKnownFileType = text.man; path = M_Paradox_Client.1; sourceTree = "<group>"; };
		7481359A17405A47006D66E7 /* ReadMeDevLite.txt */ = {isa = PBXFileReference; fileEncoding = 4; lastKnownFileType = text; path = ReadMeDevLite.txt; sourceTree = "<group>"; };
		7481359B17405A47006D66E7 /* SDLMain.h */ = {isa = PBXFileReference; fileEncoding = 4; lastKnownFileType = sourcecode.c.h; path = SDLMain.h; sourceTree = "<group>"; };
		7481359C17405A47006D66E7 /* SDLMain.m */ = {isa = PBXFileReference; fileEncoding = 4; lastKnownFileType = sourcecode.c.objc; path = SDLMain.m; sourceTree = "<group>"; };
		7481359E17405A51006D66E7 /* License.rtf */ = {isa = PBXFileReference; fileEncoding = 4; lastKnownFileType = text.rtf; path = License.rtf; sourceTree = "<group>"; };
		7481359F17405A8B006D66E7 /* Cocoa.framework */ = {isa = PBXFileReference; lastKnownFileType = wrapper.framework; name = Cocoa.framework; path = System/Library/Frameworks/Cocoa.framework; sourceTree = SDKROOT; };
		748135A117405A9B006D66E7 /* SDL.framework */ = {isa = PBXFileReference; lastKnownFileType = wrapper.framework; name = SDL.framework; path = ../../../../../Library/Frameworks/SDL.framework; sourceTree = "<group>"; };
		748135A617405C60006D66E7 /* loading.png */ = {isa = PBXFileReference; lastKnownFileType = image.png; path = loading.png; sourceTree = "<group>"; };
		748135A917405E31006D66E7 /* SDL_image.framework */ = {isa = PBXFileReference; lastKnownFileType = wrapper.framework; name = SDL_image.framework; path = ../../../../../Library/Frameworks/SDL_image.framework; sourceTree = "<group>"; };
		748135AA17405E31006D66E7 /* SDL_mixer.framework */ = {isa = PBXFileReference; lastKnownFileType = wrapper.framework; name = SDL_mixer.framework; path = ../../../../../Library/Frameworks/SDL_mixer.framework; sourceTree = "<group>"; };
		748135AB17405E31006D66E7 /* SDL_ttf.framework */ = {isa = PBXFileReference; lastKnownFileType = wrapper.framework; name = SDL_ttf.framework; path = ../../../../../Library/Frameworks/SDL_ttf.framework; sourceTree = "<group>"; };
		748135B0174063E5006D66E7 /* Readme */ = {isa = PBXFileReference; fileEncoding = 4; lastKnownFileType = text; path = Readme; sourceTree = "<group>"; };
		748135B117406506006D66E7 /* Functions.hpp */ = {isa = PBXFileReference; fileEncoding = 4; lastKnownFileType = sourcecode.cpp.h; path = Functions.hpp; sourceTree = "<group>"; };
		748135B21740658A006D66E7 /* Window.cpp */ = {isa = PBXFileReference; fileEncoding = 4; lastKnownFileType = sourcecode.cpp.cpp; path = Window.cpp; sourceTree = "<group>"; };
		748135B31740658A006D66E7 /* Window.hpp */ = {isa = PBXFileReference; fileEncoding = 4; lastKnownFileType = sourcecode.cpp.h; path = Window.hpp; sourceTree = "<group>"; };
		748135B517406639006D66E7 /* Images.cpp */ = {isa = PBXFileReference; fileEncoding = 4; lastKnownFileType = sourcecode.cpp.cpp; path = Images.cpp; sourceTree = "<group>"; };
		748135B617406639006D66E7 /* Images.hpp */ = {isa = PBXFileReference; fileEncoding = 4; lastKnownFileType = sourcecode.cpp.h; path = Images.hpp; sourceTree = "<group>"; };
		748135B81740680B006D66E7 /* Functions.cpp */ = {isa = PBXFileReference; fileEncoding = 4; lastKnownFileType = sourcecode.cpp.cpp; path = Functions.cpp; sourceTree = "<group>"; };
/* End PBXFileReference section */

/* Begin PBXFrameworksBuildPhase section */
		740A41821738113500890613 /* Frameworks */ = {
			isa = PBXFrameworksBuildPhase;
			buildActionMask = 2147483647;
			files = (
			);
			runOnlyForDeploymentPostprocessing = 0;
		};
		7481358D17405984006D66E7 /* Frameworks */ = {
			isa = PBXFrameworksBuildPhase;
			buildActionMask = 2147483647;
			files = (
				748135AC17405E31006D66E7 /* SDL_image.framework in Frameworks */,
				748135AD17405E31006D66E7 /* SDL_mixer.framework in Frameworks */,
				748135AE17405E31006D66E7 /* SDL_ttf.framework in Frameworks */,
				748135A217405A9B006D66E7 /* SDL.framework in Frameworks */,
				748135A017405A8B006D66E7 /* Cocoa.framework in Frameworks */,
			);
			runOnlyForDeploymentPostprocessing = 0;
		};
/* End PBXFrameworksBuildPhase section */

/* Begin PBXGroup section */
		740A417C1738113500890613 = {
			isa = PBXGroup;
			children = (
				748135A917405E31006D66E7 /* SDL_image.framework */,
				748135AA17405E31006D66E7 /* SDL_mixer.framework */,
				748135AB17405E31006D66E7 /* SDL_ttf.framework */,
				748135A117405A9B006D66E7 /* SDL.framework */,
				7481359F17405A8B006D66E7 /* Cocoa.framework */,
				740A41871738113500890613 /* M-Paradox */,
				7481359117405984006D66E7 /* M-Paradox-Client */,
				740A41861738113500890613 /* Products */,
				740A41911738121700890613 /* README.md */,
			);
			sourceTree = "<group>";
		};
		740A41861738113500890613 /* Products */ = {
			isa = PBXGroup;
			children = (
				740A41851738113500890613 /* M-Paradox */,
				7481359017405984006D66E7 /* M-Paradox-Client */,
			);
			name = Products;
			sourceTree = "<group>";
		};
		740A41871738113500890613 /* M-Paradox */ = {
			isa = PBXGroup;
			children = (
				748135841740533E006D66E7 /* Accounting */,
				740A41931738128100890613 /* File IO */,
				740A41941738128100890613 /* Network */,
				740A41881738113500890613 /* server_main.cpp */,
				740A418A1738113500890613 /* M_Paradox.1 */,
			);
			path = "M-Paradox";
			sourceTree = "<group>";
		};
		740A41931738128100890613 /* File IO */ = {
			isa = PBXGroup;
			children = (
				740A4198173888AC00890613 /* Readme */,
			);
			path = "File IO";
			sourceTree = "<group>";
		};
		740A41941738128100890613 /* Network */ = {
			isa = PBXGroup;
			children = (
				740A4199173888B200890613 /* Readme */,
				74813586174054C7006D66E7 /* chat_message.hpp */,
				7481358717405500006D66E7 /* chat_server.hpp */,
			);
			path = Network;
			sourceTree = "<group>";
		};
		748135841740533E006D66E7 /* Accounting */ = {
			isa = PBXGroup;
			children = (
				748135851740533E006D66E7 /* Readme */,
			);
			path = Accounting;
			sourceTree = "<group>";
		};
		7481359117405984006D66E7 /* M-Paradox-Client */ = {
			isa = PBXGroup;
			children = (
				748135AF174063D8006D66E7 /* Graphics */,
				748135A317405C60006D66E7 /* Data */,
				7481359917405A37006D66E7 /* SDL */,
				7481359217405984006D66E7 /* client_main.cpp */,
				7481359417405984006D66E7 /* M_Paradox_Client.1 */,
			);
			path = "M-Paradox-Client";
			sourceTree = "<group>";
		};
		7481359917405A37006D66E7 /* SDL */ = {
			isa = PBXGroup;
			children = (
				7481359E17405A51006D66E7 /* License.rtf */,
				7481359A17405A47006D66E7 /* ReadMeDevLite.txt */,
				7481359B17405A47006D66E7 /* SDLMain.h */,
				7481359C17405A47006D66E7 /* SDLMain.m */,
			);
			path = SDL;
			sourceTree = "<group>";
		};
		748135A317405C60006D66E7 /* Data */ = {
			isa = PBXGroup;
			children = (
				748135A417405C60006D66E7 /* Images */,
			);
			path = Data;
			sourceTree = "<group>";
		};
		748135A417405C60006D66E7 /* Images */ = {
			isa = PBXGroup;
			children = (
				748135A517405C60006D66E7 /* Backgrounds */,
			);
			path = Images;
			sourceTree = "<group>";
		};
		748135A517405C60006D66E7 /* Backgrounds */ = {
			isa = PBXGroup;
			children = (
				748135A617405C60006D66E7 /* loading.png */,
			);
			path = Backgrounds;
			sourceTree = "<group>";
		};
		748135AF174063D8006D66E7 /* Graphics */ = {
			isa = PBXGroup;
			children = (
				748135B0174063E5006D66E7 /* Readme */,
				748135B117406506006D66E7 /* Functions.hpp */,
				748135B21740658A006D66E7 /* Window.cpp */,
				748135B31740658A006D66E7 /* Window.hpp */,
				748135B517406639006D66E7 /* Images.cpp */,
				748135B617406639006D66E7 /* Images.hpp */,
				748135B81740680B006D66E7 /* Functions.cpp */,
			);
			path = Graphics;
			sourceTree = "<group>";
		};
/* End PBXGroup section */

/* Begin PBXNativeTarget section */
		740A41841738113500890613 /* M-Paradox */ = {
			isa = PBXNativeTarget;
			buildConfigurationList = 740A418E1738113500890613 /* Build configuration list for PBXNativeTarget "M-Paradox" */;
			buildPhases = (
				740A41811738113500890613 /* Sources */,
				740A41821738113500890613 /* Frameworks */,
				740A41831738113500890613 /* CopyFiles */,
			);
			buildRules = (
			);
			dependencies = (
			);
			name = "M-Paradox";
			productName = "M-Paradox";
			productReference = 740A41851738113500890613 /* M-Paradox */;
			productType = "com.apple.product-type.tool";
		};
		7481358F17405984006D66E7 /* M-Paradox-Client */ = {
			isa = PBXNativeTarget;
			buildConfigurationList = 7481359617405984006D66E7 /* Build configuration list for PBXNativeTarget "M-Paradox-Client" */;
			buildPhases = (
				7481358C17405984006D66E7 /* Sources */,
				7481358D17405984006D66E7 /* Frameworks */,
				7481358E17405984006D66E7 /* CopyFiles */,
				748135A717405C6E006D66E7 /* CopyFiles */,
			);
			buildRules = (
			);
			dependencies = (
			);
			name = "M-Paradox-Client";
			productName = "M-Paradox-Client";
			productReference = 7481359017405984006D66E7 /* M-Paradox-Client */;
			productType = "com.apple.product-type.tool";
		};
/* End PBXNativeTarget section */

/* Begin PBXProject section */
		740A417D1738113500890613 /* Project object */ = {
			isa = PBXProject;
			attributes = {
				LastUpgradeCheck = 0460;
				ORGANIZATIONNAME = TAP;
			};
			buildConfigurationList = 740A41801738113500890613 /* Build configuration list for PBXProject "M-Paradox" */;
			compatibilityVersion = "Xcode 3.2";
			developmentRegion = English;
			hasScannedForEncodings = 0;
			knownRegions = (
				en,
			);
			mainGroup = 740A417C1738113500890613;
			productRefGroup = 740A41861738113500890613 /* Products */;
			projectDirPath = "";
			projectRoot = "";
			targets = (
				740A41841738113500890613 /* M-Paradox */,
				7481358F17405984006D66E7 /* M-Paradox-Client */,
			);
		};
/* End PBXProject section */

/* Begin PBXSourcesBuildPhase section */
		740A41811738113500890613 /* Sources */ = {
			isa = PBXSourcesBuildPhase;
			buildActionMask = 2147483647;
			files = (
				740A41891738113500890613 /* server_main.cpp in Sources */,
				7481358917405500006D66E7 /* chat_server.hpp in Sources */,
			);
			runOnlyForDeploymentPostprocessing = 0;
		};
		7481358C17405984006D66E7 /* Sources */ = {
			isa = PBXSourcesBuildPhase;
			buildActionMask = 2147483647;
			files = (
				7481359317405984006D66E7 /* client_main.cpp in Sources */,
				7481359D17405A47006D66E7 /* SDLMain.m in Sources */,
				748135B41740658A006D66E7 /* Window.cpp in Sources */,
				748135B717406639006D66E7 /* Images.cpp in Sources */,
				748135B91740680B006D66E7 /* Functions.cpp in Sources */,
			);
			runOnlyForDeploymentPostprocessing = 0;
		};
/* End PBXSourcesBuildPhase section */

/* Begin XCBuildConfiguration section */
		740A418C1738113500890613 /* Debug */ = {
			isa = XCBuildConfiguration;
			buildSettings = {
				ALWAYS_SEARCH_USER_PATHS = NO;
				ARCHS = "$(ARCHS_STANDARD_64_BIT)";
				CLANG_CXX_LANGUAGE_STANDARD = "c++0x";
				CLANG_CXX_LIBRARY = "libc++";
				CLANG_WARN_CONSTANT_CONVERSION = YES;
				CLANG_WARN_EMPTY_BODY = YES;
				CLANG_WARN_ENUM_CONVERSION = YES;
				CLANG_WARN_INT_CONVERSION = YES;
				CLANG_WARN__DUPLICATE_METHOD_MATCH = YES;
				COPY_PHASE_STRIP = NO;
				GCC_C_LANGUAGE_STANDARD = gnu99;
				GCC_DYNAMIC_NO_PIC = NO;
				GCC_ENABLE_OBJC_EXCEPTIONS = YES;
				GCC_OPTIMIZATION_LEVEL = 0;
				GCC_PREPROCESSOR_DEFINITIONS = (
					"DEBUG=1",
					"$(inherited)",
				);
				GCC_SYMBOLS_PRIVATE_EXTERN = NO;
				GCC_WARN_64_TO_32_BIT_CONVERSION = YES;
				GCC_WARN_ABOUT_RETURN_TYPE = YES;
				GCC_WARN_UNINITIALIZED_AUTOS = YES;
				GCC_WARN_UNUSED_VARIABLE = YES;
				HEADER_SEARCH_PATHS = (
					"\"/usr/local/include/\"",
					"\"/usr/local/mysql/include/\"",
				);
				LIBRARY_SEARCH_PATHS = "\"/usr/local/lib/\"";
				MACOSX_DEPLOYMENT_TARGET = 10.8;
				ONLY_ACTIVE_ARCH = YES;
				OTHER_CPLUSPLUSFLAGS = (
					"$(OTHER_CFLAGS)",
					"-isystem/usr/local/include/",
				);
				OTHER_LDFLAGS = (
					"-lboost_system",
					"-lboost_filesystem",
					"-lboost_program_options",
					"-lboost_serialization",
					"-lboost_random",
				);
				SDKROOT = macosx;
			};
			name = Debug;
		};
		740A418D1738113500890613 /* Release */ = {
			isa = XCBuildConfiguration;
			buildSettings = {
				ALWAYS_SEARCH_USER_PATHS = NO;
				ARCHS = "$(ARCHS_STANDARD_64_BIT)";
				CLANG_CXX_LANGUAGE_STANDARD = "c++0x";
				CLANG_CXX_LIBRARY = "libc++";
				CLANG_WARN_CONSTANT_CONVERSION = YES;
				CLANG_WARN_EMPTY_BODY = YES;
				CLANG_WARN_ENUM_CONVERSION = YES;
				CLANG_WARN_INT_CONVERSION = YES;
				CLANG_WARN__DUPLICATE_METHOD_MATCH = YES;
				COPY_PHASE_STRIP = YES;
				DEBUG_INFORMATION_FORMAT = "dwarf-with-dsym";
				GCC_C_LANGUAGE_STANDARD = gnu99;
				GCC_ENABLE_OBJC_EXCEPTIONS = YES;
				GCC_WARN_64_TO_32_BIT_CONVERSION = YES;
				GCC_WARN_ABOUT_RETURN_TYPE = YES;
				GCC_WARN_UNINITIALIZED_AUTOS = YES;
				GCC_WARN_UNUSED_VARIABLE = YES;
				HEADER_SEARCH_PATHS = (
					"\"/usr/local/include/\"",
					"\"/usr/local/mysql/include/\"",
				);
				LIBRARY_SEARCH_PATHS = "\"/usr/local/lib/\"";
				MACOSX_DEPLOYMENT_TARGET = 10.8;
				OTHER_CPLUSPLUSFLAGS = (
					"$(OTHER_CFLAGS)",
					"-isystem/usr/local/include/",
				);
				OTHER_LDFLAGS = (
					"-lboost_system",
					"-lboost_filesystem",
					"-lboost_program_options",
					"-lboost_serialization",
					"-lboost_random",
				);
				SDKROOT = macosx;
			};
			name = Release;
		};
		740A418F1738113500890613 /* Debug */ = {
			isa = XCBuildConfiguration;
			buildSettings = {
				PRODUCT_NAME = "$(TARGET_NAME)";
			};
			name = Debug;
		};
		740A41901738113500890613 /* Release */ = {
			isa = XCBuildConfiguration;
			buildSettings = {
				PRODUCT_NAME = "$(TARGET_NAME)";
			};
			name = Release;
		};
		7481359717405984006D66E7 /* Debug */ = {
			isa = XCBuildConfiguration;
			buildSettings = {
				CLANG_CXX_LANGUAGE_STANDARD = "gnu++0x";
				FRAMEWORK_SEARCH_PATHS = /Library/Frameworks;
				PRODUCT_NAME = "$(TARGET_NAME)";
			};
			name = Debug;
		};
		7481359817405984006D66E7 /* Release */ = {
			isa = XCBuildConfiguration;
			buildSettings = {
				CLANG_CXX_LANGUAGE_STANDARD = "gnu++0x";
				FRAMEWORK_SEARCH_PATHS = /Library/Frameworks;
				PRODUCT_NAME = "$(TARGET_NAME)";
			};
			name = Release;
		};
/* End XCBuildConfiguration section */

/* Begin XCConfigurationList section */
		740A41801738113500890613 /* Build configuration list for PBXProject "M-Paradox" */ = {
			isa = XCConfigurationList;
			buildConfigurations = (
				740A418C1738113500890613 /* Debug */,
				740A418D1738113500890613 /* Release */,
			);
			defaultConfigurationIsVisible = 0;
			defaultConfigurationName = Release;
		};
		740A418E1738113500890613 /* Build configuration list for PBXNativeTarget "M-Paradox" */ = {
			isa = XCConfigurationList;
			buildConfigurations = (
				740A418F1738113500890613 /* Debug */,
				740A41901738113500890613 /* Release */,
			);
			defaultConfigurationIsVisible = 0;
			defaultConfigurationName = Release;
		};
		7481359617405984006D66E7 /* Build configuration list for PBXNativeTarget "M-Paradox-Client" */ = {
			isa = XCConfigurationList;
			buildConfigurations = (
				7481359717405984006D66E7 /* Debug */,
				7481359817405984006D66E7 /* Release */,
			);
			defaultConfigurationIsVisible = 0;
		};
/* End XCConfigurationList section */
	};
	rootObject = 740A417D1738113500890613 /* Project object */;
}
