// !$*UTF8*$!
{
	archiveVersion = 1;
	classes = {
	};
	objectVersion = 46;
	objects = {

/* Begin PBXBuildFile section */
		740A41891738113500890613 /* main.cpp in Sources */ = {isa = PBXBuildFile; fileRef = 740A41881738113500890613 /* main.cpp */; };
		740A418B1738113500890613 /* M_Paradox.1 in CopyFiles */ = {isa = PBXBuildFile; fileRef = 740A418A1738113500890613 /* M_Paradox.1 */; };
/* End PBXBuildFile section */

/* Begin PBXCopyFilesBuildPhase section */
		740A41831738113500890613 /* CopyFiles */ = {
			isa = PBXCopyFilesBuildPhase;
			buildActionMask = 2147483647;
			dstPath = /usr/share/man/man1/;
			dstSubfolderSpec = 0;
			files = (
				740A418B1738113500890613 /* M_Paradox.1 in CopyFiles */,
			);
			runOnlyForDeploymentPostprocessing = 1;
		};
/* End PBXCopyFilesBuildPhase section */

/* Begin PBXFileReference section */
		740A41851738113500890613 /* M-Paradox */ = {isa = PBXFileReference; explicitFileType = "compiled.mach-o.executable"; includeInIndex = 0; path = "M-Paradox"; sourceTree = BUILT_PRODUCTS_DIR; };
		740A41881738113500890613 /* main.cpp */ = {isa = PBXFileReference; lastKnownFileType = sourcecode.cpp.cpp; path = main.cpp; sourceTree = "<group>"; };
		740A418A1738113500890613 /* M_Paradox.1 */ = {isa = PBXFileReference; lastKnownFileType = text.man; path = M_Paradox.1; sourceTree = "<group>"; };
		740A41911738121700890613 /* README.md */ = {isa = PBXFileReference; lastKnownFileType = text; path = README.md; sourceTree = "<group>"; };
		740A41961738889600890613 /* Readme */ = {isa = PBXFileReference; fileEncoding = 4; lastKnownFileType = text; path = Readme; sourceTree = "<group>"; };
		740A4197173888A500890613 /* Readme */ = {isa = PBXFileReference; fileEncoding = 4; lastKnownFileType = text; path = Readme; sourceTree = "<group>"; };
		740A4198173888AC00890613 /* Readme */ = {isa = PBXFileReference; fileEncoding = 4; lastKnownFileType = text; path = Readme; sourceTree = "<group>"; };
		740A4199173888B200890613 /* Readme */ = {isa = PBXFileReference; fileEncoding = 4; lastKnownFileType = text; path = Readme; sourceTree = "<group>"; };
/* End PBXFileReference section */

/* Begin PBXFrameworksBuildPhase section */
		740A41821738113500890613 /* Frameworks */ = {
			isa = PBXFrameworksBuildPhase;
			buildActionMask = 2147483647;
			files = (
			);
			runOnlyForDeploymentPostprocessing = 0;
		};
/* End PBXFrameworksBuildPhase section */

/* Begin PBXGroup section */
		740A417C1738113500890613 = {
			isa = PBXGroup;
			children = (
				740A41871738113500890613 /* M-Paradox */,
				740A41861738113500890613 /* Products */,
				740A41911738121700890613 /* README.md */,
			);
			sourceTree = "<group>";
		};
		740A41861738113500890613 /* Products */ = {
			isa = PBXGroup;
			children = (
				740A41851738113500890613 /* M-Paradox */,
			);
			name = Products;
			sourceTree = "<group>";
		};
		740A41871738113500890613 /* M-Paradox */ = {
			isa = PBXGroup;
			children = (
				740A4195173812BD00890613 /* Rubix-Space */,
				740A41921738128100890613 /* Accounts */,
				740A41931738128100890613 /* File IO */,
				740A41941738128100890613 /* Network */,
				740A41881738113500890613 /* main.cpp */,
				740A418A1738113500890613 /* M_Paradox.1 */,
			);
			path = "M-Paradox";
			sourceTree = "<group>";
		};
		740A41921738128100890613 /* Accounts */ = {
			isa = PBXGroup;
			children = (
				740A4197173888A500890613 /* Readme */,
			);
			path = Accounts;
			sourceTree = "<group>";
		};
		740A41931738128100890613 /* File IO */ = {
			isa = PBXGroup;
			children = (
				740A4198173888AC00890613 /* Readme */,
			);
			path = "File IO";
			sourceTree = "<group>";
		};
		740A41941738128100890613 /* Network */ = {
			isa = PBXGroup;
			children = (
				740A4199173888B200890613 /* Readme */,
			);
			path = Network;
			sourceTree = "<group>";
		};
		740A4195173812BD00890613 /* Rubix-Space */ = {
			isa = PBXGroup;
			children = (
				740A41961738889600890613 /* Readme */,
			);
			name = "Rubix-Space";
			path = "Network/Rubix-Space";
			sourceTree = "<group>";
		};
/* End PBXGroup section */

/* Begin PBXNativeTarget section */
		740A41841738113500890613 /* M-Paradox */ = {
			isa = PBXNativeTarget;
			buildConfigurationList = 740A418E1738113500890613 /* Build configuration list for PBXNativeTarget "M-Paradox" */;
			buildPhases = (
				740A41811738113500890613 /* Sources */,
				740A41821738113500890613 /* Frameworks */,
				740A41831738113500890613 /* CopyFiles */,
			);
			buildRules = (
			);
			dependencies = (
			);
			name = "M-Paradox";
			productName = "M-Paradox";
			productReference = 740A41851738113500890613 /* M-Paradox */;
			productType = "com.apple.product-type.tool";
		};
/* End PBXNativeTarget section */

/* Begin PBXProject section */
		740A417D1738113500890613 /* Project object */ = {
			isa = PBXProject;
			attributes = {
				LastUpgradeCheck = 0460;
				ORGANIZATIONNAME = TAP;
			};
			buildConfigurationList = 740A41801738113500890613 /* Build configuration list for PBXProject "M-Paradox" */;
			compatibilityVersion = "Xcode 3.2";
			developmentRegion = English;
			hasScannedForEncodings = 0;
			knownRegions = (
				en,
			);
			mainGroup = 740A417C1738113500890613;
			productRefGroup = 740A41861738113500890613 /* Products */;
			projectDirPath = "";
			projectRoot = "";
			targets = (
				740A41841738113500890613 /* M-Paradox */,
			);
		};
/* End PBXProject section */

/* Begin PBXSourcesBuildPhase section */
		740A41811738113500890613 /* Sources */ = {
			isa = PBXSourcesBuildPhase;
			buildActionMask = 2147483647;
			files = (
				740A41891738113500890613 /* main.cpp in Sources */,
			);
			runOnlyForDeploymentPostprocessing = 0;
		};
/* End PBXSourcesBuildPhase section */

/* Begin XCBuildConfiguration section */
		740A418C1738113500890613 /* Debug */ = {
			isa = XCBuildConfiguration;
			buildSettings = {
				ALWAYS_SEARCH_USER_PATHS = NO;
				ARCHS = "$(ARCHS_STANDARD_64_BIT)";
				CLANG_CXX_LANGUAGE_STANDARD = "gnu++0x";
				CLANG_CXX_LIBRARY = "libc++";
				CLANG_WARN_CONSTANT_CONVERSION = YES;
				CLANG_WARN_EMPTY_BODY = YES;
				CLANG_WARN_ENUM_CONVERSION = YES;
				CLANG_WARN_INT_CONVERSION = YES;
				CLANG_WARN__DUPLICATE_METHOD_MATCH = YES;
				COPY_PHASE_STRIP = NO;
				GCC_C_LANGUAGE_STANDARD = gnu99;
				GCC_DYNAMIC_NO_PIC = NO;
				GCC_ENABLE_OBJC_EXCEPTIONS = YES;
				GCC_OPTIMIZATION_LEVEL = 0;
				GCC_PREPROCESSOR_DEFINITIONS = (
					"DEBUG=1",
					"$(inherited)",
				);
				GCC_SYMBOLS_PRIVATE_EXTERN = NO;
				GCC_WARN_64_TO_32_BIT_CONVERSION = YES;
				GCC_WARN_ABOUT_RETURN_TYPE = YES;
				GCC_WARN_UNINITIALIZED_AUTOS = YES;
				GCC_WARN_UNUSED_VARIABLE = YES;
				MACOSX_DEPLOYMENT_TARGET = 10.8;
				ONLY_ACTIVE_ARCH = YES;
				SDKROOT = macosx;
			};
			name = Debug;
		};
		740A418D1738113500890613 /* Release */ = {
			isa = XCBuildConfiguration;
			buildSettings = {
				ALWAYS_SEARCH_USER_PATHS = NO;
				ARCHS = "$(ARCHS_STANDARD_64_BIT)";
				CLANG_CXX_LANGUAGE_STANDARD = "gnu++0x";
				CLANG_CXX_LIBRARY = "libc++";
				CLANG_WARN_CONSTANT_CONVERSION = YES;
				CLANG_WARN_EMPTY_BODY = YES;
				CLANG_WARN_ENUM_CONVERSION = YES;
				CLANG_WARN_INT_CONVERSION = YES;
				CLANG_WARN__DUPLICATE_METHOD_MATCH = YES;
				COPY_PHASE_STRIP = YES;
				DEBUG_INFORMATION_FORMAT = "dwarf-with-dsym";
				GCC_C_LANGUAGE_STANDARD = gnu99;
				GCC_ENABLE_OBJC_EXCEPTIONS = YES;
				GCC_WARN_64_TO_32_BIT_CONVERSION = YES;
				GCC_WARN_ABOUT_RETURN_TYPE = YES;
				GCC_WARN_UNINITIALIZED_AUTOS = YES;
				GCC_WARN_UNUSED_VARIABLE = YES;
				MACOSX_DEPLOYMENT_TARGET = 10.8;
				SDKROOT = macosx;
			};
			name = Release;
		};
		740A418F1738113500890613 /* Debug */ = {
			isa = XCBuildConfiguration;
			buildSettings = {
				PRODUCT_NAME = "$(TARGET_NAME)";
			};
			name = Debug;
		};
		740A41901738113500890613 /* Release */ = {
			isa = XCBuildConfiguration;
			buildSettings = {
				PRODUCT_NAME = "$(TARGET_NAME)";
			};
			name = Release;
		};
/* End XCBuildConfiguration section */

/* Begin XCConfigurationList section */
		740A41801738113500890613 /* Build configuration list for PBXProject "M-Paradox" */ = {
			isa = XCConfigurationList;
			buildConfigurations = (
				740A418C1738113500890613 /* Debug */,
				740A418D1738113500890613 /* Release */,
			);
			defaultConfigurationIsVisible = 0;
			defaultConfigurationName = Release;
		};
		740A418E1738113500890613 /* Build configuration list for PBXNativeTarget "M-Paradox" */ = {
			isa = XCConfigurationList;
			buildConfigurations = (
				740A418F1738113500890613 /* Debug */,
				740A41901738113500890613 /* Release */,
			);
			defaultConfigurationIsVisible = 0;
		};
/* End XCConfigurationList section */
	};
	rootObject = 740A417D1738113500890613 /* Project object */;
}
